
Microsoft Visual Studio Solution File, Format Version 12.00
# Visual Studio 15
VisualStudioVersion = 15.0.27703.2047
MinimumVisualStudioVersion = 10.0.40219.1
Project("{FAE04EC0-301F-11D3-BF4B-00C04F79EFBC}") = "DBAN", "DBAN\DBAN.csproj", "{2756DFD4-DA81-4DAC-89B7-DADC25417140}"
EndProject
Global
	GlobalSection(SolutionConfigurationPlatforms) = preSolution
		Debug|Any CPU = Debug|Any CPU
		Release|Any CPU = Release|Any CPU
	EndGlobalSection
	GlobalSection(ProjectConfigurationPlatforms) = postSolution
		{2756DFD4-DA81-4DAC-89B7-DADC25417140}.Debug|Any CPU.ActiveCfg = Debug|Any CPU
		{2756DFD4-DA81-4DAC-89B7-DADC25417140}.Debug|Any CPU.Build.0 = Debug|Any CPU
		{2756DFD4-DA81-4DAC-89B7-DADC25417140}.Release|Any CPU.ActiveCfg = Release|Any CPU
		{2756DFD4-DA81-4DAC-89B7-DADC25417140}.Release|Any CPU.Build.0 = Release|Any CPU
	EndGlobalSection
	GlobalSection(SolutionProperties) = preSolution
		HideSolutionNode = FALSE
	EndGlobalSection
	GlobalSection(ExtensibilityGlobals) = postSolution
		SolutionGuid = {15A10FDD-2A99-47A2-8202-75C40B0425C1}
	EndGlobalSection
EndGlobal
